
Microsoft Visual Studio Solution File, Format Version 12.00
# Visual Studio 15
VisualStudioVersion = 15.0.27703.2035
MinimumVisualStudioVersion = 10.0.40219.1
Project("{FAE04EC0-301F-11D3-BF4B-00C04F79EFBC}") = "BlueJays", "BlueJays\BlueJays.csproj", "{639A4AC1-4B64-4439-9106-0CD5482201FD}"
EndProject
Global
	GlobalSection(SolutionConfigurationPlatforms) = preSolution
		Debug|Any CPU = Debug|Any CPU
		Release|Any CPU = Release|Any CPU
	EndGlobalSection
	GlobalSection(ProjectConfigurationPlatforms) = postSolution
		{639A4AC1-4B64-4439-9106-0CD5482201FD}.Debug|Any CPU.ActiveCfg = Debug|Any CPU
		{639A4AC1-4B64-4439-9106-0CD5482201FD}.Debug|Any CPU.Build.0 = Debug|Any CPU
		{639A4AC1-4B64-4439-9106-0CD5482201FD}.Release|Any CPU.ActiveCfg = Release|Any CPU
		{639A4AC1-4B64-4439-9106-0CD5482201FD}.Release|Any CPU.Build.0 = Release|Any CPU
	EndGlobalSection
	GlobalSection(SolutionProperties) = preSolution
		HideSolutionNode = FALSE
	EndGlobalSection
	GlobalSection(ExtensibilityGlobals) = postSolution
		SolutionGuid = {75EFA72F-1C7D-4E44-9C18-1EAAB727BA3D}
	EndGlobalSection
EndGlobal
